PODS:
  - Alamofire (5.0.5)
  - GoogleMaps (3.9.0):
    - GoogleMaps/Maps (= 3.9.0)
  - GoogleMaps/Base (3.9.0)
  - GoogleMaps/Maps (3.9.0):
    - GoogleMaps/Base
  - GooglePlaces (3.9.0):
    - GoogleMaps/Base (= 3.9.0)
  - IQKeyboardManagerSwift (6.5.6)
  - SDWebImage (5.8.4):
    - SDWebImage/Core (= 5.8.4)
  - SDWebImage/Core (5.8.4)
  - SwiftGen (6.2.1)

DEPENDENCIES:
  - Alamofire (~> 5.0.5)
  - GoogleMaps (~> 3.9.0)
  - GooglePlaces (~> 3.9.0)
  - IQKeyboardManagerSwift (~> 6.5.5)
  - SDWebImage (~> 5.8.1)
  - SwiftGen (~> 6.2.0)

SPEC REPOS:
  trunk:
    - Alamofire
    - GoogleMaps
    - GooglePlaces
    - IQKeyboardManagerSwift
    - SDWebImage
    - SwiftGen

SPEC CHECKSUMS:
  Alamofire: df2f8f826963b08b9a870791ad48e07a10090b2e
  GoogleMaps: 4b5346bddfe6911bb89155d43c903020170523ac
  GooglePlaces: 1634d019549b969d40fe0ccb0b9513055adebe01
  IQKeyboardManagerSwift: c7df9d2deb356c04522f5c4b7b6e4ce4d8ed94fe
  SDWebImage: cf6922231e95550934da2ada0f20f2becf2ceba9
  SwiftGen: 62e69d127507be1538d4263e137b2290cd6ab272

PODFILE CHECKSUM: 796ef715d7c1c0ff8b763e1b2ab009e0e44614e0

COCOAPODS: 1.9.3
